// !$*UTF8*$!
{
	archiveVersion = 1;
	classes = {
	};
	objectVersion = 46;
	objects = {

/* Begin PBXBuildFile section */
		4350E16E1A7640FA0015D0F0 /* AppDelegate.swift in Sources */ = {isa = PBXBuildFile; fileRef = 4350E16D1A7640FA0015D0F0 /* AppDelegate.swift */; };
		4350E1701A7640FA0015D0F0 /* ViewController.swift in Sources */ = {isa = PBXBuildFile; fileRef = 4350E16F1A7640FA0015D0F0 /* ViewController.swift */; };
		4350E1731A7640FA0015D0F0 /* Main.storyboard in Resources */ = {isa = PBXBuildFile; fileRef = 4350E1711A7640FA0015D0F0 /* Main.storyboard */; };
		4350E1751A7640FB0015D0F0 /* Images.xcassets in Resources */ = {isa = PBXBuildFile; fileRef = 4350E1741A7640FB0015D0F0 /* Images.xcassets */; };
		4350E1781A7640FB0015D0F0 /* LaunchScreen.xib in Resources */ = {isa = PBXBuildFile; fileRef = 4350E1761A7640FB0015D0F0 /* LaunchScreen.xib */; };
		4350E1841A7640FF0015D0F0 /* CustomTransitionTests.swift in Sources */ = {isa = PBXBuildFile; fileRef = 4350E1831A7640FF0015D0F0 /* CustomTransitionTests.swift */; };
		4350E18E1A76446D0015D0F0 /* TModalViewController.swift in Sources */ = {isa = PBXBuildFile; fileRef = 4350E18D1A76446D0015D0F0 /* TModalViewController.swift */; };
		4350E1901A7644840015D0F0 /* TPushViewController.swift in Sources */ = {isa = PBXBuildFile; fileRef = 4350E18F1A7644840015D0F0 /* TPushViewController.swift */; };
		4350E1941A76459C0015D0F0 /* SlideTransitionAnimator.swift in Sources */ = {isa = PBXBuildFile; fileRef = 4350E1931A76459C0015D0F0 /* SlideTransitionAnimator.swift */; };
/* End PBXBuildFile section */

/* Begin PBXContainerItemProxy section */
		4350E17E1A7640FF0015D0F0 /* PBXContainerItemProxy */ = {
			isa = PBXContainerItemProxy;
			containerPortal = 4350E1601A7640F90015D0F0 /* Project object */;
			proxyType = 1;
			remoteGlobalIDString = 4350E1671A7640F90015D0F0;
			remoteInfo = CustomTransition;
		};
/* End PBXContainerItemProxy section */

/* Begin PBXFileReference section */
		4350E1681A7640F90015D0F0 /* CustomTransition.app */ = {isa = PBXFileReference; explicitFileType = wrapper.application; includeInIndex = 0; path = CustomTransition.app; sourceTree = BUILT_PRODUCTS_DIR; };
		4350E16C1A7640FA0015D0F0 /* Info.plist */ = {isa = PBXFileReference; lastKnownFileType = text.plist.xml; path = Info.plist; sourceTree = "<group>"; };
		4350E16D1A7640FA0015D0F0 /* AppDelegate.swift */ = {isa = PBXFileReference; lastKnownFileType = sourcecode.swift; path = AppDelegate.swift; sourceTree = "<group>"; };
		4350E16F1A7640FA0015D0F0 /* ViewController.swift */ = {isa = PBXFileReference; lastKnownFileType = sourcecode.swift; path = ViewController.swift; sourceTree = "<group>"; };
		4350E1721A7640FA0015D0F0 /* Base */ = {isa = PBXFileReference; lastKnownFileType = file.storyboard; name = Base; path = Base.lproj/Main.storyboard; sourceTree = "<group>"; };
		4350E1741A7640FB0015D0F0 /* Images.xcassets */ = {isa = PBXFileReference; lastKnownFileType = folder.assetcatalog; path = Images.xcassets; sourceTree = "<group>"; };
		4350E1771A7640FB0015D0F0 /* Base */ = {isa = PBXFileReference; lastKnownFileType = file.xib; name = Base; path = Base.lproj/LaunchScreen.xib; sourceTree = "<group>"; };
		4350E17D1A7640FF0015D0F0 /* CustomTransitionTests.xctest */ = {isa = PBXFileReference; explicitFileType = wrapper.cfbundle; includeInIndex = 0; path = CustomTransitionTests.xctest; sourceTree = BUILT_PRODUCTS_DIR; };
		4350E1821A7640FF0015D0F0 /* Info.plist */ = {isa = PBXFileReference; lastKnownFileType = text.plist.xml; path = Info.plist; sourceTree = "<group>"; };
		4350E1831A7640FF0015D0F0 /* CustomTransitionTests.swift */ = {isa = PBXFileReference; lastKnownFileType = sourcecode.swift; path = CustomTransitionTests.swift; sourceTree = "<group>"; };
		4350E18D1A76446D0015D0F0 /* TModalViewController.swift */ = {isa = PBXFileReference; fileEncoding = 4; lastKnownFileType = sourcecode.swift; path = TModalViewController.swift; sourceTree = "<group>"; };
		4350E18F1A7644840015D0F0 /* TPushViewController.swift */ = {isa = PBXFileReference; fileEncoding = 4; lastKnownFileType = sourcecode.swift; path = TPushViewController.swift; sourceTree = "<group>"; };
		4350E1931A76459C0015D0F0 /* SlideTransitionAnimator.swift */ = {isa = PBXFileReference; fileEncoding = 4; lastKnownFileType = sourcecode.swift; path = SlideTransitionAnimator.swift; sourceTree = "<group>"; };
/* End PBXFileReference section */

/* Begin PBXFrameworksBuildPhase section */
		4350E1651A7640F90015D0F0 /* Frameworks */ = {
			isa = PBXFrameworksBuildPhase;
			buildActionMask = 2147483647;
			files = (
			);
			runOnlyForDeploymentPostprocessing = 0;
		};
		4350E17A1A7640FF0015D0F0 /* Frameworks */ = {
			isa = PBXFrameworksBuildPhase;
			buildActionMask = 2147483647;
			files = (
			);
			runOnlyForDeploymentPostprocessing = 0;
		};
/* End PBXFrameworksBuildPhase section */

/* Begin PBXGroup section */
		4350E15F1A7640F90015D0F0 = {
			isa = PBXGroup;
			children = (
				4350E16A1A7640F90015D0F0 /* CustomTransition */,
				4350E1801A7640FF0015D0F0 /* CustomTransitionTests */,
				4350E1691A7640F90015D0F0 /* Products */,
			);
			sourceTree = "<group>";
		};
		4350E1691A7640F90015D0F0 /* Products */ = {
			isa = PBXGroup;
			children = (
				4350E1681A7640F90015D0F0 /* CustomTransition.app */,
				4350E17D1A7640FF0015D0F0 /* CustomTransitionTests.xctest */,
			);
			name = Products;
			sourceTree = "<group>";
		};
		4350E16A1A7640F90015D0F0 /* CustomTransition */ = {
			isa = PBXGroup;
			children = (
				4350E16D1A7640FA0015D0F0 /* AppDelegate.swift */,
				4350E16F1A7640FA0015D0F0 /* ViewController.swift */,
				4350E1931A76459C0015D0F0 /* SlideTransitionAnimator.swift */,
				4350E18D1A76446D0015D0F0 /* TModalViewController.swift */,
				4350E18F1A7644840015D0F0 /* TPushViewController.swift */,
				4350E1711A7640FA0015D0F0 /* Main.storyboard */,
				4350E1741A7640FB0015D0F0 /* Images.xcassets */,
				4350E1761A7640FB0015D0F0 /* LaunchScreen.xib */,
				4350E16B1A7640FA0015D0F0 /* Supporting Files */,
			);
			path = CustomTransition;
			sourceTree = "<group>";
		};
		4350E16B1A7640FA0015D0F0 /* Supporting Files */ = {
			isa = PBXGroup;
			children = (
				4350E16C1A7640FA0015D0F0 /* Info.plist */,
			);
			name = "Supporting Files";
			sourceTree = "<group>";
		};
		4350E1801A7640FF0015D0F0 /* CustomTransitionTests */ = {
			isa = PBXGroup;
			children = (
				4350E1831A7640FF0015D0F0 /* CustomTransitionTests.swift */,
				4350E1811A7640FF0015D0F0 /* Supporting Files */,
			);
			path = CustomTransitionTests;
			sourceTree = "<group>";
		};
		4350E1811A7640FF0015D0F0 /* Supporting Files */ = {
			isa = PBXGroup;
			children = (
				4350E1821A7640FF0015D0F0 /* Info.plist */,
			);
			name = "Supporting Files";
			sourceTree = "<group>";
		};
/* End PBXGroup section */

/* Begin PBXNativeTarget section */
		4350E1671A7640F90015D0F0 /* CustomTransition */ = {
			isa = PBXNativeTarget;
			buildConfigurationList = 4350E1871A7640FF0015D0F0 /* Build configuration list for PBXNativeTarget "CustomTransition" */;
			buildPhases = (
				4350E1641A7640F90015D0F0 /* Sources */,
				4350E1651A7640F90015D0F0 /* Frameworks */,
				4350E1661A7640F90015D0F0 /* Resources */,
			);
			buildRules = (
			);
			dependencies = (
			);
			name = CustomTransition;
			productName = CustomTransition;
			productReference = 4350E1681A7640F90015D0F0 /* CustomTransition.app */;
			productType = "com.apple.product-type.application";
		};
		4350E17C1A7640FF0015D0F0 /* CustomTransitionTests */ = {
			isa = PBXNativeTarget;
			buildConfigurationList = 4350E18A1A7640FF0015D0F0 /* Build configuration list for PBXNativeTarget "CustomTransitionTests" */;
			buildPhases = (
				4350E1791A7640FF0015D0F0 /* Sources */,
				4350E17A1A7640FF0015D0F0 /* Frameworks */,
				4350E17B1A7640FF0015D0F0 /* Resources */,
			);
			buildRules = (
			);
			dependencies = (
				4350E17F1A7640FF0015D0F0 /* PBXTargetDependency */,
			);
			name = CustomTransitionTests;
			productName = CustomTransitionTests;
			productReference = 4350E17D1A7640FF0015D0F0 /* CustomTransitionTests.xctest */;
			productType = "com.apple.product-type.bundle.unit-test";
		};
/* End PBXNativeTarget section */

/* Begin PBXProject section */
		4350E1601A7640F90015D0F0 /* Project object */ = {
			isa = PBXProject;
			attributes = {
				LastUpgradeCheck = 0610;
				ORGANIZATIONNAME = tonyguan;
				TargetAttributes = {
					4350E1671A7640F90015D0F0 = {
						CreatedOnToolsVersion = 6.1.1;
					};
					4350E17C1A7640FF0015D0F0 = {
						CreatedOnToolsVersion = 6.1.1;
						TestTargetID = 4350E1671A7640F90015D0F0;
					};
				};
			};
			buildConfigurationList = 4350E1631A7640F90015D0F0 /* Build configuration list for PBXProject "CustomTransition" */;
			compatibilityVersion = "Xcode 3.2";
			developmentRegion = English;
			hasScannedForEncodings = 0;
			knownRegions = (
				en,
				Base,
			);
			mainGroup = 4350E15F1A7640F90015D0F0;
			productRefGroup = 4350E1691A7640F90015D0F0 /* Products */;
			projectDirPath = "";
			projectRoot = "";
			targets = (
				4350E1671A7640F90015D0F0 /* CustomTransition */,
				4350E17C1A7640FF0015D0F0 /* CustomTransitionTests */,
			);
		};
/* End PBXProject section */

/* Begin PBXResourcesBuildPhase section */
		4350E1661A7640F90015D0F0 /* Resources */ = {
			isa = PBXResourcesBuildPhase;
			buildActionMask = 2147483647;
			files = (
				4350E1731A7640FA0015D0F0 /* Main.storyboard in Resources */,
				4350E1781A7640FB0015D0F0 /* LaunchScreen.xib in Resources */,
				4350E1751A7640FB0015D0F0 /* Images.xcassets in Resources */,
			);
			runOnlyForDeploymentPostprocessing = 0;
		};
		4350E17B1A7640FF0015D0F0 /* Resources */ = {
			isa = PBXResourcesBuildPhase;
			buildActionMask = 2147483647;
			files = (
			);
			runOnlyForDeploymentPostprocessing = 0;
		};
/* End PBXResourcesBuildPhase section */

/* Begin PBXSourcesBuildPhase section */
		4350E1641A7640F90015D0F0 /* Sources */ = {
			isa = PBXSourcesBuildPhase;
			buildActionMask = 2147483647;
			files = (
				4350E18E1A76446D0015D0F0 /* TModalViewController.swift in Sources */,
				4350E1941A76459C0015D0F0 /* SlideTransitionAnimator.swift in Sources */,
				4350E1701A7640FA0015D0F0 /* ViewController.swift in Sources */,
				4350E16E1A7640FA0015D0F0 /* AppDelegate.swift in Sources */,
				4350E1901A7644840015D0F0 /* TPushViewController.swift in Sources */,
			);
			runOnlyForDeploymentPostprocessing = 0;
		};
		4350E1791A7640FF0015D0F0 /* Sources */ = {
			isa = PBXSourcesBuildPhase;
			buildActionMask = 2147483647;
			files = (
				4350E1841A7640FF0015D0F0 /* CustomTransitionTests.swift in Sources */,
			);
			runOnlyForDeploymentPostprocessing = 0;
		};
/* End PBXSourcesBuildPhase section */

/* Begin PBXTargetDependency section */
		4350E17F1A7640FF0015D0F0 /* PBXTargetDependency */ = {
			isa = PBXTargetDependency;
			target = 4350E1671A7640F90015D0F0 /* CustomTransition */;
			targetProxy = 4350E17E1A7640FF0015D0F0 /* PBXContainerItemProxy */;
		};
/* End PBXTargetDependency section */

/* Begin PBXVariantGroup section */
		4350E1711A7640FA0015D0F0 /* Main.storyboard */ = {
			isa = PBXVariantGroup;
			children = (
				4350E1721A7640FA0015D0F0 /* Base */,
			);
			name = Main.storyboard;
			sourceTree = "<group>";
		};
		4350E1761A7640FB0015D0F0 /* LaunchScreen.xib */ = {
			isa = PBXVariantGroup;
			children = (
				4350E1771A7640FB0015D0F0 /* Base */,
			);
			name = LaunchScreen.xib;
			sourceTree = "<group>";
		};
/* End PBXVariantGroup section */

/* Begin XCBuildConfiguration section */
		4350E1851A7640FF0015D0F0 /* Debug */ = {
			isa = XCBuildConfiguration;
			buildSettings = {
				ALWAYS_SEARCH_USER_PATHS = NO;
				CLANG_CXX_LANGUAGE_STANDARD = "gnu++0x";
				CLANG_CXX_LIBRARY = "libc++";
				CLANG_ENABLE_MODULES = YES;
				CLANG_ENABLE_OBJC_ARC = YES;
				CLANG_WARN_BOOL_CONVERSION = YES;
				CLANG_WARN_CONSTANT_CONVERSION = YES;
				CLANG_WARN_DIRECT_OBJC_ISA_USAGE = YES_ERROR;
				CLANG_WARN_EMPTY_BODY = YES;
				CLANG_WARN_ENUM_CONVERSION = YES;
				CLANG_WARN_INT_CONVERSION = YES;
				CLANG_WARN_OBJC_ROOT_CLASS = YES_ERROR;
				CLANG_WARN_UNREACHABLE_CODE = YES;
				CLANG_WARN__DUPLICATE_METHOD_MATCH = YES;
				"CODE_SIGN_IDENTITY[sdk=iphoneos*]" = "iPhone Developer";
				COPY_PHASE_STRIP = NO;
				ENABLE_STRICT_OBJC_MSGSEND = YES;
				GCC_C_LANGUAGE_STANDARD = gnu99;
				GCC_DYNAMIC_NO_PIC = NO;
				GCC_OPTIMIZATION_LEVEL = 0;
				GCC_PREPROCESSOR_DEFINITIONS = (
					"DEBUG=1",
					"$(inherited)",
				);
				GCC_SYMBOLS_PRIVATE_EXTERN = NO;
				GCC_WARN_64_TO_32_BIT_CONVERSION = YES;
				GCC_WARN_ABOUT_RETURN_TYPE = YES_ERROR;
				GCC_WARN_UNDECLARED_SELECTOR = YES;
				GCC_WARN_UNINITIALIZED_AUTOS = YES_AGGRESSIVE;
				GCC_WARN_UNUSED_FUNCTION = YES;
				GCC_WARN_UNUSED_VARIABLE = YES;
				IPHONEOS_DEPLOYMENT_TARGET = 8.3;
				MTL_ENABLE_DEBUG_INFO = YES;
				ONLY_ACTIVE_ARCH = YES;
				SDKROOT = iphoneos;
				SWIFT_OPTIMIZATION_LEVEL = "-Onone";
			};
			name = Debug;
		};
		4350E1861A7640FF0015D0F0 /* Release */ = {
			isa = XCBuildConfiguration;
			buildSettings = {
				ALWAYS_SEARCH_USER_PATHS = NO;
				CLANG_CXX_LANGUAGE_STANDARD = "gnu++0x";
				CLANG_CXX_LIBRARY = "libc++";
				CLANG_ENABLE_MODULES = YES;
				CLANG_ENABLE_OBJC_ARC = YES;
				CLANG_WARN_BOOL_CONVERSION = YES;
				CLANG_WARN_CONSTANT_CONVERSION = YES;
				CLANG_WARN_DIRECT_OBJC_ISA_USAGE = YES_ERROR;
				CLANG_WARN_EMPTY_BODY = YES;
				CLANG_WARN_ENUM_CONVERSION = YES;
				CLANG_WARN_INT_CONVERSION = YES;
				CLANG_WARN_OBJC_ROOT_CLASS = YES_ERROR;
				CLANG_WARN_UNREACHABLE_CODE = YES;
				CLANG_WARN__DUPLICATE_METHOD_MATCH = YES;
				"CODE_SIGN_IDENTITY[sdk=iphoneos*]" = "iPhone Developer";
				COPY_PHASE_STRIP = YES;
				ENABLE_NS_ASSERTIONS = NO;
				ENABLE_STRICT_OBJC_MSGSEND = YES;
				GCC_C_LANGUAGE_STANDARD = gnu99;
				GCC_WARN_64_TO_32_BIT_CONVERSION = YES;
				GCC_WARN_ABOUT_RETURN_TYPE = YES_ERROR;
				GCC_WARN_UNDECLARED_SELECTOR = YES;
				GCC_WARN_UNINITIALIZED_AUTOS = YES_AGGRESSIVE;
				GCC_WARN_UNUSED_FUNCTION = YES;
				GCC_WARN_UNUSED_VARIABLE = YES;
				IPHONEOS_DEPLOYMENT_TARGET = 8.3;
				MTL_ENABLE_DEBUG_INFO = NO;
				SDKROOT = iphoneos;
				VALIDATE_PRODUCT = YES;
			};
			name = Release;
		};
		4350E1881A7640FF0015D0F0 /* Debug */ = {
			isa = XCBuildConfiguration;
			buildSettings = {
				ASSETCATALOG_COMPILER_APPICON_NAME = AppIcon;
				INFOPLIST_FILE = CustomTransition/Info.plist;
				LD_RUNPATH_SEARCH_PATHS = "$(inherited) @executable_path/Frameworks";
				PRODUCT_NAME = "$(TARGET_NAME)";
			};
			name = Debug;
		};
		4350E1891A7640FF0015D0F0 /* Release */ = {
			isa = XCBuildConfiguration;
			buildSettings = {
				ASSETCATALOG_COMPILER_APPICON_NAME = AppIcon;
				INFOPLIST_FILE = CustomTransition/Info.plist;
				LD_RUNPATH_SEARCH_PATHS = "$(inherited) @executable_path/Frameworks";
				PRODUCT_NAME = "$(TARGET_NAME)";
			};
			name = Release;
		};
		4350E18B1A7640FF0015D0F0 /* Debug */ = {
			isa = XCBuildConfiguration;
			buildSettings = {
				BUNDLE_LOADER = "$(TEST_HOST)";
				FRAMEWORK_SEARCH_PATHS = (
					"$(SDKROOT)/Developer/Library/Frameworks",
					"$(inherited)",
				);
				GCC_PREPROCESSOR_DEFINITIONS = (
					"DEBUG=1",
					"$(inherited)",
				);
				INFOPLIST_FILE = CustomTransitionTests/Info.plist;
				LD_RUNPATH_SEARCH_PATHS = "$(inherited) @executable_path/Frameworks @loader_path/Frameworks";
				PRODUCT_NAME = "$(TARGET_NAME)";
				TEST_HOST = "$(BUILT_PRODUCTS_DIR)/CustomTransition.app/CustomTransition";
			};
			name = Debug;
		};
		4350E18C1A7640FF0015D0F0 /* Release */ = {
			isa = XCBuildConfiguration;
			buildSettings = {
				BUNDLE_LOADER = "$(TEST_HOST)";
				FRAMEWORK_SEARCH_PATHS = (
					"$(SDKROOT)/Developer/Library/Frameworks",
					"$(inherited)",
				);
				INFOPLIST_FILE = CustomTransitionTests/Info.plist;
				LD_RUNPATH_SEARCH_PATHS = "$(inherited) @executable_path/Frameworks @loader_path/Frameworks";
				PRODUCT_NAME = "$(TARGET_NAME)";
				TEST_HOST = "$(BUILT_PRODUCTS_DIR)/CustomTransition.app/CustomTransition";
			};
			name = Release;
		};
/* End XCBuildConfiguration section */

/* Begin XCConfigurationList section */
		4350E1631A7640F90015D0F0 /* Build configuration list for PBXProject "CustomTransition" */ = {
			isa = XCConfigurationList;
			buildConfigurations = (
				4350E1851A7640FF0015D0F0 /* Debug */,
				4350E1861A7640FF0015D0F0 /* Release */,
			);
			defaultConfigurationIsVisible = 0;
			defaultConfigurationName = Release;
		};
		4350E1871A7640FF0015D0F0 /* Build configuration list for PBXNativeTarget "CustomTransition" */ = {
			isa = XCConfigurationList;
			buildConfigurations = (
				4350E1881A7640FF0015D0F0 /* Debug */,
				4350E1891A7640FF0015D0F0 /* Release */,
			);
			defaultConfigurationIsVisible = 0;
			defaultConfigurationName = Release;
		};
		4350E18A1A7640FF0015D0F0 /* Build configuration list for PBXNativeTarget "CustomTransitionTests" */ = {
			isa = XCConfigurationList;
			buildConfigurations = (
				4350E18B1A7640FF0015D0F0 /* Debug */,
				4350E18C1A7640FF0015D0F0 /* Release */,
			);
			defaultConfigurationIsVisible = 0;
			defaultConfigurationName = Release;
		};
/* End XCConfigurationList section */
	};
	rootObject = 4350E1601A7640F90015D0F0 /* Project object */;
}
