// !$*UTF8*$!
{
	archiveVersion = 1;
	classes = {
	};
	objectVersion = 46;
	objects = {

/* Begin PBXBuildFile section */
		43643BEC1A79198700669491 /* AppDelegate.swift in Sources */ = {isa = PBXBuildFile; fileRef = 43643BEB1A79198700669491 /* AppDelegate.swift */; };
		43643BEE1A79198700669491 /* ViewController.swift in Sources */ = {isa = PBXBuildFile; fileRef = 43643BED1A79198700669491 /* ViewController.swift */; };
		43643BF11A79198700669491 /* Main.storyboard in Resources */ = {isa = PBXBuildFile; fileRef = 43643BEF1A79198700669491 /* Main.storyboard */; };
		43643BF31A79198700669491 /* Images.xcassets in Resources */ = {isa = PBXBuildFile; fileRef = 43643BF21A79198700669491 /* Images.xcassets */; };
		43643BF61A79198700669491 /* LaunchScreen.xib in Resources */ = {isa = PBXBuildFile; fileRef = 43643BF41A79198700669491 /* LaunchScreen.xib */; };
		43643C021A79198700669491 /* EditVideoSampleTests.swift in Sources */ = {isa = PBXBuildFile; fileRef = 43643C011A79198700669491 /* EditVideoSampleTests.swift */; };
		43643C0C1A7919A300669491 /* YY.mp4 in Resources */ = {isa = PBXBuildFile; fileRef = 43643C0B1A7919A300669491 /* YY.mp4 */; };
/* End PBXBuildFile section */

/* Begin PBXContainerItemProxy section */
		43643BFC1A79198700669491 /* PBXContainerItemProxy */ = {
			isa = PBXContainerItemProxy;
			containerPortal = 43643BDE1A79198600669491 /* Project object */;
			proxyType = 1;
			remoteGlobalIDString = 43643BE51A79198600669491;
			remoteInfo = EditVideoSample;
		};
/* End PBXContainerItemProxy section */

/* Begin PBXFileReference section */
		43643BE61A79198600669491 /* EditVideoSample.app */ = {isa = PBXFileReference; explicitFileType = wrapper.application; includeInIndex = 0; path = EditVideoSample.app; sourceTree = BUILT_PRODUCTS_DIR; };
		43643BEA1A79198700669491 /* Info.plist */ = {isa = PBXFileReference; lastKnownFileType = text.plist.xml; path = Info.plist; sourceTree = "<group>"; };
		43643BEB1A79198700669491 /* AppDelegate.swift */ = {isa = PBXFileReference; lastKnownFileType = sourcecode.swift; path = AppDelegate.swift; sourceTree = "<group>"; };
		43643BED1A79198700669491 /* ViewController.swift */ = {isa = PBXFileReference; lastKnownFileType = sourcecode.swift; path = ViewController.swift; sourceTree = "<group>"; };
		43643BF01A79198700669491 /* Base */ = {isa = PBXFileReference; lastKnownFileType = file.storyboard; name = Base; path = Base.lproj/Main.storyboard; sourceTree = "<group>"; };
		43643BF21A79198700669491 /* Images.xcassets */ = {isa = PBXFileReference; lastKnownFileType = folder.assetcatalog; path = Images.xcassets; sourceTree = "<group>"; };
		43643BF51A79198700669491 /* Base */ = {isa = PBXFileReference; lastKnownFileType = file.xib; name = Base; path = Base.lproj/LaunchScreen.xib; sourceTree = "<group>"; };
		43643BFB1A79198700669491 /* EditVideoSampleTests.xctest */ = {isa = PBXFileReference; explicitFileType = wrapper.cfbundle; includeInIndex = 0; path = EditVideoSampleTests.xctest; sourceTree = BUILT_PRODUCTS_DIR; };
		43643C001A79198700669491 /* Info.plist */ = {isa = PBXFileReference; lastKnownFileType = text.plist.xml; path = Info.plist; sourceTree = "<group>"; };
		43643C011A79198700669491 /* EditVideoSampleTests.swift */ = {isa = PBXFileReference; lastKnownFileType = sourcecode.swift; path = EditVideoSampleTests.swift; sourceTree = "<group>"; };
		43643C0B1A7919A300669491 /* YY.mp4 */ = {isa = PBXFileReference; lastKnownFileType = file; path = YY.mp4; sourceTree = "<group>"; };
/* End PBXFileReference section */

/* Begin PBXFrameworksBuildPhase section */
		43643BE31A79198600669491 /* Frameworks */ = {
			isa = PBXFrameworksBuildPhase;
			buildActionMask = 2147483647;
			files = (
			);
			runOnlyForDeploymentPostprocessing = 0;
		};
		43643BF81A79198700669491 /* Frameworks */ = {
			isa = PBXFrameworksBuildPhase;
			buildActionMask = 2147483647;
			files = (
			);
			runOnlyForDeploymentPostprocessing = 0;
		};
/* End PBXFrameworksBuildPhase section */

/* Begin PBXGroup section */
		43643BDD1A79198600669491 = {
			isa = PBXGroup;
			children = (
				43643BE81A79198600669491 /* EditVideoSample */,
				43643BFE1A79198700669491 /* EditVideoSampleTests */,
				43643BE71A79198600669491 /* Products */,
			);
			sourceTree = "<group>";
		};
		43643BE71A79198600669491 /* Products */ = {
			isa = PBXGroup;
			children = (
				43643BE61A79198600669491 /* EditVideoSample.app */,
				43643BFB1A79198700669491 /* EditVideoSampleTests.xctest */,
			);
			name = Products;
			sourceTree = "<group>";
		};
		43643BE81A79198600669491 /* EditVideoSample */ = {
			isa = PBXGroup;
			children = (
				43643C0B1A7919A300669491 /* YY.mp4 */,
				43643BEB1A79198700669491 /* AppDelegate.swift */,
				43643BED1A79198700669491 /* ViewController.swift */,
				43643BEF1A79198700669491 /* Main.storyboard */,
				43643BF21A79198700669491 /* Images.xcassets */,
				43643BF41A79198700669491 /* LaunchScreen.xib */,
				43643BE91A79198600669491 /* Supporting Files */,
			);
			path = EditVideoSample;
			sourceTree = "<group>";
		};
		43643BE91A79198600669491 /* Supporting Files */ = {
			isa = PBXGroup;
			children = (
				43643BEA1A79198700669491 /* Info.plist */,
			);
			name = "Supporting Files";
			sourceTree = "<group>";
		};
		43643BFE1A79198700669491 /* EditVideoSampleTests */ = {
			isa = PBXGroup;
			children = (
				43643C011A79198700669491 /* EditVideoSampleTests.swift */,
				43643BFF1A79198700669491 /* Supporting Files */,
			);
			path = EditVideoSampleTests;
			sourceTree = "<group>";
		};
		43643BFF1A79198700669491 /* Supporting Files */ = {
			isa = PBXGroup;
			children = (
				43643C001A79198700669491 /* Info.plist */,
			);
			name = "Supporting Files";
			sourceTree = "<group>";
		};
/* End PBXGroup section */

/* Begin PBXNativeTarget section */
		43643BE51A79198600669491 /* EditVideoSample */ = {
			isa = PBXNativeTarget;
			buildConfigurationList = 43643C051A79198700669491 /* Build configuration list for PBXNativeTarget "EditVideoSample" */;
			buildPhases = (
				43643BE21A79198600669491 /* Sources */,
				43643BE31A79198600669491 /* Frameworks */,
				43643BE41A79198600669491 /* Resources */,
			);
			buildRules = (
			);
			dependencies = (
			);
			name = EditVideoSample;
			productName = EditVideoSample;
			productReference = 43643BE61A79198600669491 /* EditVideoSample.app */;
			productType = "com.apple.product-type.application";
		};
		43643BFA1A79198700669491 /* EditVideoSampleTests */ = {
			isa = PBXNativeTarget;
			buildConfigurationList = 43643C081A79198700669491 /* Build configuration list for PBXNativeTarget "EditVideoSampleTests" */;
			buildPhases = (
				43643BF71A79198700669491 /* Sources */,
				43643BF81A79198700669491 /* Frameworks */,
				43643BF91A79198700669491 /* Resources */,
			);
			buildRules = (
			);
			dependencies = (
				43643BFD1A79198700669491 /* PBXTargetDependency */,
			);
			name = EditVideoSampleTests;
			productName = EditVideoSampleTests;
			productReference = 43643BFB1A79198700669491 /* EditVideoSampleTests.xctest */;
			productType = "com.apple.product-type.bundle.unit-test";
		};
/* End PBXNativeTarget section */

/* Begin PBXProject section */
		43643BDE1A79198600669491 /* Project object */ = {
			isa = PBXProject;
			attributes = {
				LastUpgradeCheck = 0610;
				ORGANIZATIONNAME = tonyguan;
				TargetAttributes = {
					43643BE51A79198600669491 = {
						CreatedOnToolsVersion = 6.1.1;
					};
					43643BFA1A79198700669491 = {
						CreatedOnToolsVersion = 6.1.1;
						TestTargetID = 43643BE51A79198600669491;
					};
				};
			};
			buildConfigurationList = 43643BE11A79198600669491 /* Build configuration list for PBXProject "EditVideoSample" */;
			compatibilityVersion = "Xcode 3.2";
			developmentRegion = English;
			hasScannedForEncodings = 0;
			knownRegions = (
				en,
				Base,
			);
			mainGroup = 43643BDD1A79198600669491;
			productRefGroup = 43643BE71A79198600669491 /* Products */;
			projectDirPath = "";
			projectRoot = "";
			targets = (
				43643BE51A79198600669491 /* EditVideoSample */,
				43643BFA1A79198700669491 /* EditVideoSampleTests */,
			);
		};
/* End PBXProject section */

/* Begin PBXResourcesBuildPhase section */
		43643BE41A79198600669491 /* Resources */ = {
			isa = PBXResourcesBuildPhase;
			buildActionMask = 2147483647;
			files = (
				43643BF11A79198700669491 /* Main.storyboard in Resources */,
				43643BF61A79198700669491 /* LaunchScreen.xib in Resources */,
				43643BF31A79198700669491 /* Images.xcassets in Resources */,
				43643C0C1A7919A300669491 /* YY.mp4 in Resources */,
			);
			runOnlyForDeploymentPostprocessing = 0;
		};
		43643BF91A79198700669491 /* Resources */ = {
			isa = PBXResourcesBuildPhase;
			buildActionMask = 2147483647;
			files = (
			);
			runOnlyForDeploymentPostprocessing = 0;
		};
/* End PBXResourcesBuildPhase section */

/* Begin PBXSourcesBuildPhase section */
		43643BE21A79198600669491 /* Sources */ = {
			isa = PBXSourcesBuildPhase;
			buildActionMask = 2147483647;
			files = (
				43643BEE1A79198700669491 /* ViewController.swift in Sources */,
				43643BEC1A79198700669491 /* AppDelegate.swift in Sources */,
			);
			runOnlyForDeploymentPostprocessing = 0;
		};
		43643BF71A79198700669491 /* Sources */ = {
			isa = PBXSourcesBuildPhase;
			buildActionMask = 2147483647;
			files = (
				43643C021A79198700669491 /* EditVideoSampleTests.swift in Sources */,
			);
			runOnlyForDeploymentPostprocessing = 0;
		};
/* End PBXSourcesBuildPhase section */

/* Begin PBXTargetDependency section */
		43643BFD1A79198700669491 /* PBXTargetDependency */ = {
			isa = PBXTargetDependency;
			target = 43643BE51A79198600669491 /* EditVideoSample */;
			targetProxy = 43643BFC1A79198700669491 /* PBXContainerItemProxy */;
		};
/* End PBXTargetDependency section */

/* Begin PBXVariantGroup section */
		43643BEF1A79198700669491 /* Main.storyboard */ = {
			isa = PBXVariantGroup;
			children = (
				43643BF01A79198700669491 /* Base */,
			);
			name = Main.storyboard;
			sourceTree = "<group>";
		};
		43643BF41A79198700669491 /* LaunchScreen.xib */ = {
			isa = PBXVariantGroup;
			children = (
				43643BF51A79198700669491 /* Base */,
			);
			name = LaunchScreen.xib;
			sourceTree = "<group>";
		};
/* End PBXVariantGroup section */

/* Begin XCBuildConfiguration section */
		43643C031A79198700669491 /* Debug */ = {
			isa = XCBuildConfiguration;
			buildSettings = {
				ALWAYS_SEARCH_USER_PATHS = NO;
				CLANG_CXX_LANGUAGE_STANDARD = "gnu++0x";
				CLANG_CXX_LIBRARY = "libc++";
				CLANG_ENABLE_MODULES = YES;
				CLANG_ENABLE_OBJC_ARC = YES;
				CLANG_WARN_BOOL_CONVERSION = YES;
				CLANG_WARN_CONSTANT_CONVERSION = YES;
				CLANG_WARN_DIRECT_OBJC_ISA_USAGE = YES_ERROR;
				CLANG_WARN_EMPTY_BODY = YES;
				CLANG_WARN_ENUM_CONVERSION = YES;
				CLANG_WARN_INT_CONVERSION = YES;
				CLANG_WARN_OBJC_ROOT_CLASS = YES_ERROR;
				CLANG_WARN_UNREACHABLE_CODE = YES;
				CLANG_WARN__DUPLICATE_METHOD_MATCH = YES;
				"CODE_SIGN_IDENTITY[sdk=iphoneos*]" = "iPhone Developer";
				COPY_PHASE_STRIP = NO;
				ENABLE_STRICT_OBJC_MSGSEND = YES;
				GCC_C_LANGUAGE_STANDARD = gnu99;
				GCC_DYNAMIC_NO_PIC = NO;
				GCC_OPTIMIZATION_LEVEL = 0;
				GCC_PREPROCESSOR_DEFINITIONS = (
					"DEBUG=1",
					"$(inherited)",
				);
				GCC_SYMBOLS_PRIVATE_EXTERN = NO;
				GCC_WARN_64_TO_32_BIT_CONVERSION = YES;
				GCC_WARN_ABOUT_RETURN_TYPE = YES_ERROR;
				GCC_WARN_UNDECLARED_SELECTOR = YES;
				GCC_WARN_UNINITIALIZED_AUTOS = YES_AGGRESSIVE;
				GCC_WARN_UNUSED_FUNCTION = YES;
				GCC_WARN_UNUSED_VARIABLE = YES;
				IPHONEOS_DEPLOYMENT_TARGET = 8.3;
				MTL_ENABLE_DEBUG_INFO = YES;
				ONLY_ACTIVE_ARCH = YES;
				SDKROOT = iphoneos;
				SWIFT_OPTIMIZATION_LEVEL = "-Onone";
			};
			name = Debug;
		};
		43643C041A79198700669491 /* Release */ = {
			isa = XCBuildConfiguration;
			buildSettings = {
				ALWAYS_SEARCH_USER_PATHS = NO;
				CLANG_CXX_LANGUAGE_STANDARD = "gnu++0x";
				CLANG_CXX_LIBRARY = "libc++";
				CLANG_ENABLE_MODULES = YES;
				CLANG_ENABLE_OBJC_ARC = YES;
				CLANG_WARN_BOOL_CONVERSION = YES;
				CLANG_WARN_CONSTANT_CONVERSION = YES;
				CLANG_WARN_DIRECT_OBJC_ISA_USAGE = YES_ERROR;
				CLANG_WARN_EMPTY_BODY = YES;
				CLANG_WARN_ENUM_CONVERSION = YES;
				CLANG_WARN_INT_CONVERSION = YES;
				CLANG_WARN_OBJC_ROOT_CLASS = YES_ERROR;
				CLANG_WARN_UNREACHABLE_CODE = YES;
				CLANG_WARN__DUPLICATE_METHOD_MATCH = YES;
				"CODE_SIGN_IDENTITY[sdk=iphoneos*]" = "iPhone Developer";
				COPY_PHASE_STRIP = YES;
				ENABLE_NS_ASSERTIONS = NO;
				ENABLE_STRICT_OBJC_MSGSEND = YES;
				GCC_C_LANGUAGE_STANDARD = gnu99;
				GCC_WARN_64_TO_32_BIT_CONVERSION = YES;
				GCC_WARN_ABOUT_RETURN_TYPE = YES_ERROR;
				GCC_WARN_UNDECLARED_SELECTOR = YES;
				GCC_WARN_UNINITIALIZED_AUTOS = YES_AGGRESSIVE;
				GCC_WARN_UNUSED_FUNCTION = YES;
				GCC_WARN_UNUSED_VARIABLE = YES;
				IPHONEOS_DEPLOYMENT_TARGET = 8.3;
				MTL_ENABLE_DEBUG_INFO = NO;
				SDKROOT = iphoneos;
				VALIDATE_PRODUCT = YES;
			};
			name = Release;
		};
		43643C061A79198700669491 /* Debug */ = {
			isa = XCBuildConfiguration;
			buildSettings = {
				ASSETCATALOG_COMPILER_APPICON_NAME = AppIcon;
				INFOPLIST_FILE = EditVideoSample/Info.plist;
				LD_RUNPATH_SEARCH_PATHS = "$(inherited) @executable_path/Frameworks";
				PRODUCT_NAME = "$(TARGET_NAME)";
			};
			name = Debug;
		};
		43643C071A79198700669491 /* Release */ = {
			isa = XCBuildConfiguration;
			buildSettings = {
				ASSETCATALOG_COMPILER_APPICON_NAME = AppIcon;
				INFOPLIST_FILE = EditVideoSample/Info.plist;
				LD_RUNPATH_SEARCH_PATHS = "$(inherited) @executable_path/Frameworks";
				PRODUCT_NAME = "$(TARGET_NAME)";
			};
			name = Release;
		};
		43643C091A79198700669491 /* Debug */ = {
			isa = XCBuildConfiguration;
			buildSettings = {
				BUNDLE_LOADER = "$(TEST_HOST)";
				FRAMEWORK_SEARCH_PATHS = (
					"$(SDKROOT)/Developer/Library/Frameworks",
					"$(inherited)",
				);
				GCC_PREPROCESSOR_DEFINITIONS = (
					"DEBUG=1",
					"$(inherited)",
				);
				INFOPLIST_FILE = EditVideoSampleTests/Info.plist;
				LD_RUNPATH_SEARCH_PATHS = "$(inherited) @executable_path/Frameworks @loader_path/Frameworks";
				PRODUCT_NAME = "$(TARGET_NAME)";
				TEST_HOST = "$(BUILT_PRODUCTS_DIR)/EditVideoSample.app/EditVideoSample";
			};
			name = Debug;
		};
		43643C0A1A79198700669491 /* Release */ = {
			isa = XCBuildConfiguration;
			buildSettings = {
				BUNDLE_LOADER = "$(TEST_HOST)";
				FRAMEWORK_SEARCH_PATHS = (
					"$(SDKROOT)/Developer/Library/Frameworks",
					"$(inherited)",
				);
				INFOPLIST_FILE = EditVideoSampleTests/Info.plist;
				LD_RUNPATH_SEARCH_PATHS = "$(inherited) @executable_path/Frameworks @loader_path/Frameworks";
				PRODUCT_NAME = "$(TARGET_NAME)";
				TEST_HOST = "$(BUILT_PRODUCTS_DIR)/EditVideoSample.app/EditVideoSample";
			};
			name = Release;
		};
/* End XCBuildConfiguration section */

/* Begin XCConfigurationList section */
		43643BE11A79198600669491 /* Build configuration list for PBXProject "EditVideoSample" */ = {
			isa = XCConfigurationList;
			buildConfigurations = (
				43643C031A79198700669491 /* Debug */,
				43643C041A79198700669491 /* Release */,
			);
			defaultConfigurationIsVisible = 0;
			defaultConfigurationName = Release;
		};
		43643C051A79198700669491 /* Build configuration list for PBXNativeTarget "EditVideoSample" */ = {
			isa = XCConfigurationList;
			buildConfigurations = (
				43643C061A79198700669491 /* Debug */,
				43643C071A79198700669491 /* Release */,
			);
			defaultConfigurationIsVisible = 0;
			defaultConfigurationName = Release;
		};
		43643C081A79198700669491 /* Build configuration list for PBXNativeTarget "EditVideoSampleTests" */ = {
			isa = XCConfigurationList;
			buildConfigurations = (
				43643C091A79198700669491 /* Debug */,
				43643C0A1A79198700669491 /* Release */,
			);
			defaultConfigurationIsVisible = 0;
			defaultConfigurationName = Release;
		};
/* End XCConfigurationList section */
	};
	rootObject = 43643BDE1A79198600669491 /* Project object */;
}
