// !$*UTF8*$!
{
	archiveVersion = 1;
	classes = {
	};
	objectVersion = 46;
	objects = {

/* Begin PBXBuildFile section */
		4371A3B91A75C960002B3820 /* AppDelegate.swift in Sources */ = {isa = PBXBuildFile; fileRef = 4371A3B81A75C960002B3820 /* AppDelegate.swift */; };
		4371A3BB1A75C960002B3820 /* ViewController.swift in Sources */ = {isa = PBXBuildFile; fileRef = 4371A3BA1A75C960002B3820 /* ViewController.swift */; };
		4371A3BE1A75C960002B3820 /* Main.storyboard in Resources */ = {isa = PBXBuildFile; fileRef = 4371A3BC1A75C960002B3820 /* Main.storyboard */; };
		4371A3C01A75C960002B3820 /* Images.xcassets in Resources */ = {isa = PBXBuildFile; fileRef = 4371A3BF1A75C960002B3820 /* Images.xcassets */; };
		4371A3C31A75C960002B3820 /* LaunchScreen.xib in Resources */ = {isa = PBXBuildFile; fileRef = 4371A3C11A75C960002B3820 /* LaunchScreen.xib */; };
		4371A3CF1A75C960002B3820 /* AnimationCallBackTests.swift in Sources */ = {isa = PBXBuildFile; fileRef = 4371A3CE1A75C960002B3820 /* AnimationCallBackTests.swift */; };
/* End PBXBuildFile section */

/* Begin PBXContainerItemProxy section */
		4371A3C91A75C960002B3820 /* PBXContainerItemProxy */ = {
			isa = PBXContainerItemProxy;
			containerPortal = 4371A3AB1A75C960002B3820 /* Project object */;
			proxyType = 1;
			remoteGlobalIDString = 4371A3B21A75C960002B3820;
			remoteInfo = AnimationCallBack;
		};
/* End PBXContainerItemProxy section */

/* Begin PBXFileReference section */
		4371A3B31A75C960002B3820 /* AnimationCallBack.app */ = {isa = PBXFileReference; explicitFileType = wrapper.application; includeInIndex = 0; path = AnimationCallBack.app; sourceTree = BUILT_PRODUCTS_DIR; };
		4371A3B71A75C960002B3820 /* Info.plist */ = {isa = PBXFileReference; lastKnownFileType = text.plist.xml; path = Info.plist; sourceTree = "<group>"; };
		4371A3B81A75C960002B3820 /* AppDelegate.swift */ = {isa = PBXFileReference; lastKnownFileType = sourcecode.swift; path = AppDelegate.swift; sourceTree = "<group>"; };
		4371A3BA1A75C960002B3820 /* ViewController.swift */ = {isa = PBXFileReference; lastKnownFileType = sourcecode.swift; path = ViewController.swift; sourceTree = "<group>"; };
		4371A3BD1A75C960002B3820 /* Base */ = {isa = PBXFileReference; lastKnownFileType = file.storyboard; name = Base; path = Base.lproj/Main.storyboard; sourceTree = "<group>"; };
		4371A3BF1A75C960002B3820 /* Images.xcassets */ = {isa = PBXFileReference; lastKnownFileType = folder.assetcatalog; path = Images.xcassets; sourceTree = "<group>"; };
		4371A3C21A75C960002B3820 /* Base */ = {isa = PBXFileReference; lastKnownFileType = file.xib; name = Base; path = Base.lproj/LaunchScreen.xib; sourceTree = "<group>"; };
		4371A3C81A75C960002B3820 /* AnimationCallBackTests.xctest */ = {isa = PBXFileReference; explicitFileType = wrapper.cfbundle; includeInIndex = 0; path = AnimationCallBackTests.xctest; sourceTree = BUILT_PRODUCTS_DIR; };
		4371A3CD1A75C960002B3820 /* Info.plist */ = {isa = PBXFileReference; lastKnownFileType = text.plist.xml; path = Info.plist; sourceTree = "<group>"; };
		4371A3CE1A75C960002B3820 /* AnimationCallBackTests.swift */ = {isa = PBXFileReference; lastKnownFileType = sourcecode.swift; path = AnimationCallBackTests.swift; sourceTree = "<group>"; };
/* End PBXFileReference section */

/* Begin PBXFrameworksBuildPhase section */
		4371A3B01A75C960002B3820 /* Frameworks */ = {
			isa = PBXFrameworksBuildPhase;
			buildActionMask = 2147483647;
			files = (
			);
			runOnlyForDeploymentPostprocessing = 0;
		};
		4371A3C51A75C960002B3820 /* Frameworks */ = {
			isa = PBXFrameworksBuildPhase;
			buildActionMask = 2147483647;
			files = (
			);
			runOnlyForDeploymentPostprocessing = 0;
		};
/* End PBXFrameworksBuildPhase section */

/* Begin PBXGroup section */
		4371A3AA1A75C960002B3820 = {
			isa = PBXGroup;
			children = (
				4371A3B51A75C960002B3820 /* AnimationCallBack */,
				4371A3CB1A75C960002B3820 /* AnimationCallBackTests */,
				4371A3B41A75C960002B3820 /* Products */,
			);
			sourceTree = "<group>";
		};
		4371A3B41A75C960002B3820 /* Products */ = {
			isa = PBXGroup;
			children = (
				4371A3B31A75C960002B3820 /* AnimationCallBack.app */,
				4371A3C81A75C960002B3820 /* AnimationCallBackTests.xctest */,
			);
			name = Products;
			sourceTree = "<group>";
		};
		4371A3B51A75C960002B3820 /* AnimationCallBack */ = {
			isa = PBXGroup;
			children = (
				4371A3B81A75C960002B3820 /* AppDelegate.swift */,
				4371A3BA1A75C960002B3820 /* ViewController.swift */,
				4371A3BC1A75C960002B3820 /* Main.storyboard */,
				4371A3BF1A75C960002B3820 /* Images.xcassets */,
				4371A3C11A75C960002B3820 /* LaunchScreen.xib */,
				4371A3B61A75C960002B3820 /* Supporting Files */,
			);
			path = AnimationCallBack;
			sourceTree = "<group>";
		};
		4371A3B61A75C960002B3820 /* Supporting Files */ = {
			isa = PBXGroup;
			children = (
				4371A3B71A75C960002B3820 /* Info.plist */,
			);
			name = "Supporting Files";
			sourceTree = "<group>";
		};
		4371A3CB1A75C960002B3820 /* AnimationCallBackTests */ = {
			isa = PBXGroup;
			children = (
				4371A3CE1A75C960002B3820 /* AnimationCallBackTests.swift */,
				4371A3CC1A75C960002B3820 /* Supporting Files */,
			);
			path = AnimationCallBackTests;
			sourceTree = "<group>";
		};
		4371A3CC1A75C960002B3820 /* Supporting Files */ = {
			isa = PBXGroup;
			children = (
				4371A3CD1A75C960002B3820 /* Info.plist */,
			);
			name = "Supporting Files";
			sourceTree = "<group>";
		};
/* End PBXGroup section */

/* Begin PBXNativeTarget section */
		4371A3B21A75C960002B3820 /* AnimationCallBack */ = {
			isa = PBXNativeTarget;
			buildConfigurationList = 4371A3D21A75C960002B3820 /* Build configuration list for PBXNativeTarget "AnimationCallBack" */;
			buildPhases = (
				4371A3AF1A75C960002B3820 /* Sources */,
				4371A3B01A75C960002B3820 /* Frameworks */,
				4371A3B11A75C960002B3820 /* Resources */,
			);
			buildRules = (
			);
			dependencies = (
			);
			name = AnimationCallBack;
			productName = AnimationCallBack;
			productReference = 4371A3B31A75C960002B3820 /* AnimationCallBack.app */;
			productType = "com.apple.product-type.application";
		};
		4371A3C71A75C960002B3820 /* AnimationCallBackTests */ = {
			isa = PBXNativeTarget;
			buildConfigurationList = 4371A3D51A75C960002B3820 /* Build configuration list for PBXNativeTarget "AnimationCallBackTests" */;
			buildPhases = (
				4371A3C41A75C960002B3820 /* Sources */,
				4371A3C51A75C960002B3820 /* Frameworks */,
				4371A3C61A75C960002B3820 /* Resources */,
			);
			buildRules = (
			);
			dependencies = (
				4371A3CA1A75C960002B3820 /* PBXTargetDependency */,
			);
			name = AnimationCallBackTests;
			productName = AnimationCallBackTests;
			productReference = 4371A3C81A75C960002B3820 /* AnimationCallBackTests.xctest */;
			productType = "com.apple.product-type.bundle.unit-test";
		};
/* End PBXNativeTarget section */

/* Begin PBXProject section */
		4371A3AB1A75C960002B3820 /* Project object */ = {
			isa = PBXProject;
			attributes = {
				LastUpgradeCheck = 0610;
				ORGANIZATIONNAME = tonyguan;
				TargetAttributes = {
					4371A3B21A75C960002B3820 = {
						CreatedOnToolsVersion = 6.1.1;
					};
					4371A3C71A75C960002B3820 = {
						CreatedOnToolsVersion = 6.1.1;
						TestTargetID = 4371A3B21A75C960002B3820;
					};
				};
			};
			buildConfigurationList = 4371A3AE1A75C960002B3820 /* Build configuration list for PBXProject "AnimationCallBack" */;
			compatibilityVersion = "Xcode 3.2";
			developmentRegion = English;
			hasScannedForEncodings = 0;
			knownRegions = (
				en,
				Base,
			);
			mainGroup = 4371A3AA1A75C960002B3820;
			productRefGroup = 4371A3B41A75C960002B3820 /* Products */;
			projectDirPath = "";
			projectRoot = "";
			targets = (
				4371A3B21A75C960002B3820 /* AnimationCallBack */,
				4371A3C71A75C960002B3820 /* AnimationCallBackTests */,
			);
		};
/* End PBXProject section */

/* Begin PBXResourcesBuildPhase section */
		4371A3B11A75C960002B3820 /* Resources */ = {
			isa = PBXResourcesBuildPhase;
			buildActionMask = 2147483647;
			files = (
				4371A3BE1A75C960002B3820 /* Main.storyboard in Resources */,
				4371A3C31A75C960002B3820 /* LaunchScreen.xib in Resources */,
				4371A3C01A75C960002B3820 /* Images.xcassets in Resources */,
			);
			runOnlyForDeploymentPostprocessing = 0;
		};
		4371A3C61A75C960002B3820 /* Resources */ = {
			isa = PBXResourcesBuildPhase;
			buildActionMask = 2147483647;
			files = (
			);
			runOnlyForDeploymentPostprocessing = 0;
		};
/* End PBXResourcesBuildPhase section */

/* Begin PBXSourcesBuildPhase section */
		4371A3AF1A75C960002B3820 /* Sources */ = {
			isa = PBXSourcesBuildPhase;
			buildActionMask = 2147483647;
			files = (
				4371A3BB1A75C960002B3820 /* ViewController.swift in Sources */,
				4371A3B91A75C960002B3820 /* AppDelegate.swift in Sources */,
			);
			runOnlyForDeploymentPostprocessing = 0;
		};
		4371A3C41A75C960002B3820 /* Sources */ = {
			isa = PBXSourcesBuildPhase;
			buildActionMask = 2147483647;
			files = (
				4371A3CF1A75C960002B3820 /* AnimationCallBackTests.swift in Sources */,
			);
			runOnlyForDeploymentPostprocessing = 0;
		};
/* End PBXSourcesBuildPhase section */

/* Begin PBXTargetDependency section */
		4371A3CA1A75C960002B3820 /* PBXTargetDependency */ = {
			isa = PBXTargetDependency;
			target = 4371A3B21A75C960002B3820 /* AnimationCallBack */;
			targetProxy = 4371A3C91A75C960002B3820 /* PBXContainerItemProxy */;
		};
/* End PBXTargetDependency section */

/* Begin PBXVariantGroup section */
		4371A3BC1A75C960002B3820 /* Main.storyboard */ = {
			isa = PBXVariantGroup;
			children = (
				4371A3BD1A75C960002B3820 /* Base */,
			);
			name = Main.storyboard;
			sourceTree = "<group>";
		};
		4371A3C11A75C960002B3820 /* LaunchScreen.xib */ = {
			isa = PBXVariantGroup;
			children = (
				4371A3C21A75C960002B3820 /* Base */,
			);
			name = LaunchScreen.xib;
			sourceTree = "<group>";
		};
/* End PBXVariantGroup section */

/* Begin XCBuildConfiguration section */
		4371A3D01A75C960002B3820 /* Debug */ = {
			isa = XCBuildConfiguration;
			buildSettings = {
				ALWAYS_SEARCH_USER_PATHS = NO;
				CLANG_CXX_LANGUAGE_STANDARD = "gnu++0x";
				CLANG_CXX_LIBRARY = "libc++";
				CLANG_ENABLE_MODULES = YES;
				CLANG_ENABLE_OBJC_ARC = YES;
				CLANG_WARN_BOOL_CONVERSION = YES;
				CLANG_WARN_CONSTANT_CONVERSION = YES;
				CLANG_WARN_DIRECT_OBJC_ISA_USAGE = YES_ERROR;
				CLANG_WARN_EMPTY_BODY = YES;
				CLANG_WARN_ENUM_CONVERSION = YES;
				CLANG_WARN_INT_CONVERSION = YES;
				CLANG_WARN_OBJC_ROOT_CLASS = YES_ERROR;
				CLANG_WARN_UNREACHABLE_CODE = YES;
				CLANG_WARN__DUPLICATE_METHOD_MATCH = YES;
				"CODE_SIGN_IDENTITY[sdk=iphoneos*]" = "iPhone Developer";
				COPY_PHASE_STRIP = NO;
				ENABLE_STRICT_OBJC_MSGSEND = YES;
				GCC_C_LANGUAGE_STANDARD = gnu99;
				GCC_DYNAMIC_NO_PIC = NO;
				GCC_OPTIMIZATION_LEVEL = 0;
				GCC_PREPROCESSOR_DEFINITIONS = (
					"DEBUG=1",
					"$(inherited)",
				);
				GCC_SYMBOLS_PRIVATE_EXTERN = NO;
				GCC_WARN_64_TO_32_BIT_CONVERSION = YES;
				GCC_WARN_ABOUT_RETURN_TYPE = YES_ERROR;
				GCC_WARN_UNDECLARED_SELECTOR = YES;
				GCC_WARN_UNINITIALIZED_AUTOS = YES_AGGRESSIVE;
				GCC_WARN_UNUSED_FUNCTION = YES;
				GCC_WARN_UNUSED_VARIABLE = YES;
				IPHONEOS_DEPLOYMENT_TARGET = 8.3;
				MTL_ENABLE_DEBUG_INFO = YES;
				ONLY_ACTIVE_ARCH = YES;
				SDKROOT = iphoneos;
				SWIFT_OPTIMIZATION_LEVEL = "-Onone";
			};
			name = Debug;
		};
		4371A3D11A75C960002B3820 /* Release */ = {
			isa = XCBuildConfiguration;
			buildSettings = {
				ALWAYS_SEARCH_USER_PATHS = NO;
				CLANG_CXX_LANGUAGE_STANDARD = "gnu++0x";
				CLANG_CXX_LIBRARY = "libc++";
				CLANG_ENABLE_MODULES = YES;
				CLANG_ENABLE_OBJC_ARC = YES;
				CLANG_WARN_BOOL_CONVERSION = YES;
				CLANG_WARN_CONSTANT_CONVERSION = YES;
				CLANG_WARN_DIRECT_OBJC_ISA_USAGE = YES_ERROR;
				CLANG_WARN_EMPTY_BODY = YES;
				CLANG_WARN_ENUM_CONVERSION = YES;
				CLANG_WARN_INT_CONVERSION = YES;
				CLANG_WARN_OBJC_ROOT_CLASS = YES_ERROR;
				CLANG_WARN_UNREACHABLE_CODE = YES;
				CLANG_WARN__DUPLICATE_METHOD_MATCH = YES;
				"CODE_SIGN_IDENTITY[sdk=iphoneos*]" = "iPhone Developer";
				COPY_PHASE_STRIP = YES;
				ENABLE_NS_ASSERTIONS = NO;
				ENABLE_STRICT_OBJC_MSGSEND = YES;
				GCC_C_LANGUAGE_STANDARD = gnu99;
				GCC_WARN_64_TO_32_BIT_CONVERSION = YES;
				GCC_WARN_ABOUT_RETURN_TYPE = YES_ERROR;
				GCC_WARN_UNDECLARED_SELECTOR = YES;
				GCC_WARN_UNINITIALIZED_AUTOS = YES_AGGRESSIVE;
				GCC_WARN_UNUSED_FUNCTION = YES;
				GCC_WARN_UNUSED_VARIABLE = YES;
				IPHONEOS_DEPLOYMENT_TARGET = 8.3;
				MTL_ENABLE_DEBUG_INFO = NO;
				SDKROOT = iphoneos;
				VALIDATE_PRODUCT = YES;
			};
			name = Release;
		};
		4371A3D31A75C960002B3820 /* Debug */ = {
			isa = XCBuildConfiguration;
			buildSettings = {
				ASSETCATALOG_COMPILER_APPICON_NAME = AppIcon;
				INFOPLIST_FILE = AnimationCallBack/Info.plist;
				LD_RUNPATH_SEARCH_PATHS = "$(inherited) @executable_path/Frameworks";
				PRODUCT_NAME = "$(TARGET_NAME)";
			};
			name = Debug;
		};
		4371A3D41A75C960002B3820 /* Release */ = {
			isa = XCBuildConfiguration;
			buildSettings = {
				ASSETCATALOG_COMPILER_APPICON_NAME = AppIcon;
				INFOPLIST_FILE = AnimationCallBack/Info.plist;
				LD_RUNPATH_SEARCH_PATHS = "$(inherited) @executable_path/Frameworks";
				PRODUCT_NAME = "$(TARGET_NAME)";
			};
			name = Release;
		};
		4371A3D61A75C960002B3820 /* Debug */ = {
			isa = XCBuildConfiguration;
			buildSettings = {
				BUNDLE_LOADER = "$(TEST_HOST)";
				FRAMEWORK_SEARCH_PATHS = (
					"$(SDKROOT)/Developer/Library/Frameworks",
					"$(inherited)",
				);
				GCC_PREPROCESSOR_DEFINITIONS = (
					"DEBUG=1",
					"$(inherited)",
				);
				INFOPLIST_FILE = AnimationCallBackTests/Info.plist;
				LD_RUNPATH_SEARCH_PATHS = "$(inherited) @executable_path/Frameworks @loader_path/Frameworks";
				PRODUCT_NAME = "$(TARGET_NAME)";
				TEST_HOST = "$(BUILT_PRODUCTS_DIR)/AnimationCallBack.app/AnimationCallBack";
			};
			name = Debug;
		};
		4371A3D71A75C960002B3820 /* Release */ = {
			isa = XCBuildConfiguration;
			buildSettings = {
				BUNDLE_LOADER = "$(TEST_HOST)";
				FRAMEWORK_SEARCH_PATHS = (
					"$(SDKROOT)/Developer/Library/Frameworks",
					"$(inherited)",
				);
				INFOPLIST_FILE = AnimationCallBackTests/Info.plist;
				LD_RUNPATH_SEARCH_PATHS = "$(inherited) @executable_path/Frameworks @loader_path/Frameworks";
				PRODUCT_NAME = "$(TARGET_NAME)";
				TEST_HOST = "$(BUILT_PRODUCTS_DIR)/AnimationCallBack.app/AnimationCallBack";
			};
			name = Release;
		};
/* End XCBuildConfiguration section */

/* Begin XCConfigurationList section */
		4371A3AE1A75C960002B3820 /* Build configuration list for PBXProject "AnimationCallBack" */ = {
			isa = XCConfigurationList;
			buildConfigurations = (
				4371A3D01A75C960002B3820 /* Debug */,
				4371A3D11A75C960002B3820 /* Release */,
			);
			defaultConfigurationIsVisible = 0;
			defaultConfigurationName = Release;
		};
		4371A3D21A75C960002B3820 /* Build configuration list for PBXNativeTarget "AnimationCallBack" */ = {
			isa = XCConfigurationList;
			buildConfigurations = (
				4371A3D31A75C960002B3820 /* Debug */,
				4371A3D41A75C960002B3820 /* Release */,
			);
			defaultConfigurationIsVisible = 0;
			defaultConfigurationName = Release;
		};
		4371A3D51A75C960002B3820 /* Build configuration list for PBXNativeTarget "AnimationCallBackTests" */ = {
			isa = XCConfigurationList;
			buildConfigurations = (
				4371A3D61A75C960002B3820 /* Debug */,
				4371A3D71A75C960002B3820 /* Release */,
			);
			defaultConfigurationIsVisible = 0;
			defaultConfigurationName = Release;
		};
/* End XCConfigurationList section */
	};
	rootObject = 4371A3AB1A75C960002B3820 /* Project object */;
}
