// !$*UTF8*$!
{
	archiveVersion = 1;
	classes = {
	};
	objectVersion = 46;
	objects = {

/* Begin PBXBuildFile section */
		433049111A7B752300FB2F4E /* AppDelegate.swift in Sources */ = {isa = PBXBuildFile; fileRef = 433049101A7B752300FB2F4E /* AppDelegate.swift */; };
		433049131A7B752300FB2F4E /* ViewController.swift in Sources */ = {isa = PBXBuildFile; fileRef = 433049121A7B752300FB2F4E /* ViewController.swift */; };
		433049161A7B752300FB2F4E /* Main.storyboard in Resources */ = {isa = PBXBuildFile; fileRef = 433049141A7B752300FB2F4E /* Main.storyboard */; };
		433049181A7B752300FB2F4E /* Images.xcassets in Resources */ = {isa = PBXBuildFile; fileRef = 433049171A7B752300FB2F4E /* Images.xcassets */; };
		4330491B1A7B752300FB2F4E /* LaunchScreen.xib in Resources */ = {isa = PBXBuildFile; fileRef = 433049191A7B752300FB2F4E /* LaunchScreen.xib */; };
		433049271A7B752300FB2F4E /* MusicPlayerTests.swift in Sources */ = {isa = PBXBuildFile; fileRef = 433049261A7B752300FB2F4E /* MusicPlayerTests.swift */; };
		433049311A7B753500FB2F4E /* cover.png in Resources */ = {isa = PBXBuildFile; fileRef = 433049301A7B753500FB2F4E /* cover.png */; };
/* End PBXBuildFile section */

/* Begin PBXContainerItemProxy section */
		433049211A7B752300FB2F4E /* PBXContainerItemProxy */ = {
			isa = PBXContainerItemProxy;
			containerPortal = 433049031A7B752300FB2F4E /* Project object */;
			proxyType = 1;
			remoteGlobalIDString = 4330490A1A7B752300FB2F4E;
			remoteInfo = MusicPlayer;
		};
/* End PBXContainerItemProxy section */

/* Begin PBXFileReference section */
		4330490B1A7B752300FB2F4E /* MusicPlayer.app */ = {isa = PBXFileReference; explicitFileType = wrapper.application; includeInIndex = 0; path = MusicPlayer.app; sourceTree = BUILT_PRODUCTS_DIR; };
		4330490F1A7B752300FB2F4E /* Info.plist */ = {isa = PBXFileReference; lastKnownFileType = text.plist.xml; path = Info.plist; sourceTree = "<group>"; };
		433049101A7B752300FB2F4E /* AppDelegate.swift */ = {isa = PBXFileReference; lastKnownFileType = sourcecode.swift; path = AppDelegate.swift; sourceTree = "<group>"; };
		433049121A7B752300FB2F4E /* ViewController.swift */ = {isa = PBXFileReference; lastKnownFileType = sourcecode.swift; path = ViewController.swift; sourceTree = "<group>"; };
		433049151A7B752300FB2F4E /* Base */ = {isa = PBXFileReference; lastKnownFileType = file.storyboard; name = Base; path = Base.lproj/Main.storyboard; sourceTree = "<group>"; };
		433049171A7B752300FB2F4E /* Images.xcassets */ = {isa = PBXFileReference; lastKnownFileType = folder.assetcatalog; path = Images.xcassets; sourceTree = "<group>"; };
		4330491A1A7B752300FB2F4E /* Base */ = {isa = PBXFileReference; lastKnownFileType = file.xib; name = Base; path = Base.lproj/LaunchScreen.xib; sourceTree = "<group>"; };
		433049201A7B752300FB2F4E /* MusicPlayerTests.xctest */ = {isa = PBXFileReference; explicitFileType = wrapper.cfbundle; includeInIndex = 0; path = MusicPlayerTests.xctest; sourceTree = BUILT_PRODUCTS_DIR; };
		433049251A7B752300FB2F4E /* Info.plist */ = {isa = PBXFileReference; lastKnownFileType = text.plist.xml; path = Info.plist; sourceTree = "<group>"; };
		433049261A7B752300FB2F4E /* MusicPlayerTests.swift */ = {isa = PBXFileReference; lastKnownFileType = sourcecode.swift; path = MusicPlayerTests.swift; sourceTree = "<group>"; };
		433049301A7B753500FB2F4E /* cover.png */ = {isa = PBXFileReference; lastKnownFileType = image.png; path = cover.png; sourceTree = "<group>"; };
/* End PBXFileReference section */

/* Begin PBXFrameworksBuildPhase section */
		433049081A7B752300FB2F4E /* Frameworks */ = {
			isa = PBXFrameworksBuildPhase;
			buildActionMask = 2147483647;
			files = (
			);
			runOnlyForDeploymentPostprocessing = 0;
		};
		4330491D1A7B752300FB2F4E /* Frameworks */ = {
			isa = PBXFrameworksBuildPhase;
			buildActionMask = 2147483647;
			files = (
			);
			runOnlyForDeploymentPostprocessing = 0;
		};
/* End PBXFrameworksBuildPhase section */

/* Begin PBXGroup section */
		433049021A7B752300FB2F4E = {
			isa = PBXGroup;
			children = (
				4330490D1A7B752300FB2F4E /* MusicPlayer */,
				433049231A7B752300FB2F4E /* MusicPlayerTests */,
				4330490C1A7B752300FB2F4E /* Products */,
			);
			sourceTree = "<group>";
		};
		4330490C1A7B752300FB2F4E /* Products */ = {
			isa = PBXGroup;
			children = (
				4330490B1A7B752300FB2F4E /* MusicPlayer.app */,
				433049201A7B752300FB2F4E /* MusicPlayerTests.xctest */,
			);
			name = Products;
			sourceTree = "<group>";
		};
		4330490D1A7B752300FB2F4E /* MusicPlayer */ = {
			isa = PBXGroup;
			children = (
				433049301A7B753500FB2F4E /* cover.png */,
				433049101A7B752300FB2F4E /* AppDelegate.swift */,
				433049121A7B752300FB2F4E /* ViewController.swift */,
				433049141A7B752300FB2F4E /* Main.storyboard */,
				433049171A7B752300FB2F4E /* Images.xcassets */,
				433049191A7B752300FB2F4E /* LaunchScreen.xib */,
				4330490E1A7B752300FB2F4E /* Supporting Files */,
			);
			path = MusicPlayer;
			sourceTree = "<group>";
		};
		4330490E1A7B752300FB2F4E /* Supporting Files */ = {
			isa = PBXGroup;
			children = (
				4330490F1A7B752300FB2F4E /* Info.plist */,
			);
			name = "Supporting Files";
			sourceTree = "<group>";
		};
		433049231A7B752300FB2F4E /* MusicPlayerTests */ = {
			isa = PBXGroup;
			children = (
				433049261A7B752300FB2F4E /* MusicPlayerTests.swift */,
				433049241A7B752300FB2F4E /* Supporting Files */,
			);
			path = MusicPlayerTests;
			sourceTree = "<group>";
		};
		433049241A7B752300FB2F4E /* Supporting Files */ = {
			isa = PBXGroup;
			children = (
				433049251A7B752300FB2F4E /* Info.plist */,
			);
			name = "Supporting Files";
			sourceTree = "<group>";
		};
/* End PBXGroup section */

/* Begin PBXNativeTarget section */
		4330490A1A7B752300FB2F4E /* MusicPlayer */ = {
			isa = PBXNativeTarget;
			buildConfigurationList = 4330492A1A7B752300FB2F4E /* Build configuration list for PBXNativeTarget "MusicPlayer" */;
			buildPhases = (
				433049071A7B752300FB2F4E /* Sources */,
				433049081A7B752300FB2F4E /* Frameworks */,
				433049091A7B752300FB2F4E /* Resources */,
			);
			buildRules = (
			);
			dependencies = (
			);
			name = MusicPlayer;
			productName = MusicPlayer;
			productReference = 4330490B1A7B752300FB2F4E /* MusicPlayer.app */;
			productType = "com.apple.product-type.application";
		};
		4330491F1A7B752300FB2F4E /* MusicPlayerTests */ = {
			isa = PBXNativeTarget;
			buildConfigurationList = 4330492D1A7B752300FB2F4E /* Build configuration list for PBXNativeTarget "MusicPlayerTests" */;
			buildPhases = (
				4330491C1A7B752300FB2F4E /* Sources */,
				4330491D1A7B752300FB2F4E /* Frameworks */,
				4330491E1A7B752300FB2F4E /* Resources */,
			);
			buildRules = (
			);
			dependencies = (
				433049221A7B752300FB2F4E /* PBXTargetDependency */,
			);
			name = MusicPlayerTests;
			productName = MusicPlayerTests;
			productReference = 433049201A7B752300FB2F4E /* MusicPlayerTests.xctest */;
			productType = "com.apple.product-type.bundle.unit-test";
		};
/* End PBXNativeTarget section */

/* Begin PBXProject section */
		433049031A7B752300FB2F4E /* Project object */ = {
			isa = PBXProject;
			attributes = {
				LastUpgradeCheck = 0610;
				ORGANIZATIONNAME = tonyguan;
				TargetAttributes = {
					4330490A1A7B752300FB2F4E = {
						CreatedOnToolsVersion = 6.1.1;
					};
					4330491F1A7B752300FB2F4E = {
						CreatedOnToolsVersion = 6.1.1;
						TestTargetID = 4330490A1A7B752300FB2F4E;
					};
				};
			};
			buildConfigurationList = 433049061A7B752300FB2F4E /* Build configuration list for PBXProject "MusicPlayer" */;
			compatibilityVersion = "Xcode 3.2";
			developmentRegion = English;
			hasScannedForEncodings = 0;
			knownRegions = (
				en,
				Base,
			);
			mainGroup = 433049021A7B752300FB2F4E;
			productRefGroup = 4330490C1A7B752300FB2F4E /* Products */;
			projectDirPath = "";
			projectRoot = "";
			targets = (
				4330490A1A7B752300FB2F4E /* MusicPlayer */,
				4330491F1A7B752300FB2F4E /* MusicPlayerTests */,
			);
		};
/* End PBXProject section */

/* Begin PBXResourcesBuildPhase section */
		433049091A7B752300FB2F4E /* Resources */ = {
			isa = PBXResourcesBuildPhase;
			buildActionMask = 2147483647;
			files = (
				433049161A7B752300FB2F4E /* Main.storyboard in Resources */,
				4330491B1A7B752300FB2F4E /* LaunchScreen.xib in Resources */,
				433049181A7B752300FB2F4E /* Images.xcassets in Resources */,
				433049311A7B753500FB2F4E /* cover.png in Resources */,
			);
			runOnlyForDeploymentPostprocessing = 0;
		};
		4330491E1A7B752300FB2F4E /* Resources */ = {
			isa = PBXResourcesBuildPhase;
			buildActionMask = 2147483647;
			files = (
			);
			runOnlyForDeploymentPostprocessing = 0;
		};
/* End PBXResourcesBuildPhase section */

/* Begin PBXSourcesBuildPhase section */
		433049071A7B752300FB2F4E /* Sources */ = {
			isa = PBXSourcesBuildPhase;
			buildActionMask = 2147483647;
			files = (
				433049131A7B752300FB2F4E /* ViewController.swift in Sources */,
				433049111A7B752300FB2F4E /* AppDelegate.swift in Sources */,
			);
			runOnlyForDeploymentPostprocessing = 0;
		};
		4330491C1A7B752300FB2F4E /* Sources */ = {
			isa = PBXSourcesBuildPhase;
			buildActionMask = 2147483647;
			files = (
				433049271A7B752300FB2F4E /* MusicPlayerTests.swift in Sources */,
			);
			runOnlyForDeploymentPostprocessing = 0;
		};
/* End PBXSourcesBuildPhase section */

/* Begin PBXTargetDependency section */
		433049221A7B752300FB2F4E /* PBXTargetDependency */ = {
			isa = PBXTargetDependency;
			target = 4330490A1A7B752300FB2F4E /* MusicPlayer */;
			targetProxy = 433049211A7B752300FB2F4E /* PBXContainerItemProxy */;
		};
/* End PBXTargetDependency section */

/* Begin PBXVariantGroup section */
		433049141A7B752300FB2F4E /* Main.storyboard */ = {
			isa = PBXVariantGroup;
			children = (
				433049151A7B752300FB2F4E /* Base */,
			);
			name = Main.storyboard;
			sourceTree = "<group>";
		};
		433049191A7B752300FB2F4E /* LaunchScreen.xib */ = {
			isa = PBXVariantGroup;
			children = (
				4330491A1A7B752300FB2F4E /* Base */,
			);
			name = LaunchScreen.xib;
			sourceTree = "<group>";
		};
/* End PBXVariantGroup section */

/* Begin XCBuildConfiguration section */
		433049281A7B752300FB2F4E /* Debug */ = {
			isa = XCBuildConfiguration;
			buildSettings = {
				ALWAYS_SEARCH_USER_PATHS = NO;
				CLANG_CXX_LANGUAGE_STANDARD = "gnu++0x";
				CLANG_CXX_LIBRARY = "libc++";
				CLANG_ENABLE_MODULES = YES;
				CLANG_ENABLE_OBJC_ARC = YES;
				CLANG_WARN_BOOL_CONVERSION = YES;
				CLANG_WARN_CONSTANT_CONVERSION = YES;
				CLANG_WARN_DIRECT_OBJC_ISA_USAGE = YES_ERROR;
				CLANG_WARN_EMPTY_BODY = YES;
				CLANG_WARN_ENUM_CONVERSION = YES;
				CLANG_WARN_INT_CONVERSION = YES;
				CLANG_WARN_OBJC_ROOT_CLASS = YES_ERROR;
				CLANG_WARN_UNREACHABLE_CODE = YES;
				CLANG_WARN__DUPLICATE_METHOD_MATCH = YES;
				"CODE_SIGN_IDENTITY[sdk=iphoneos*]" = "iPhone Developer";
				COPY_PHASE_STRIP = NO;
				ENABLE_STRICT_OBJC_MSGSEND = YES;
				GCC_C_LANGUAGE_STANDARD = gnu99;
				GCC_DYNAMIC_NO_PIC = NO;
				GCC_OPTIMIZATION_LEVEL = 0;
				GCC_PREPROCESSOR_DEFINITIONS = (
					"DEBUG=1",
					"$(inherited)",
				);
				GCC_SYMBOLS_PRIVATE_EXTERN = NO;
				GCC_WARN_64_TO_32_BIT_CONVERSION = YES;
				GCC_WARN_ABOUT_RETURN_TYPE = YES_ERROR;
				GCC_WARN_UNDECLARED_SELECTOR = YES;
				GCC_WARN_UNINITIALIZED_AUTOS = YES_AGGRESSIVE;
				GCC_WARN_UNUSED_FUNCTION = YES;
				GCC_WARN_UNUSED_VARIABLE = YES;
				IPHONEOS_DEPLOYMENT_TARGET = 8.3;
				MTL_ENABLE_DEBUG_INFO = YES;
				ONLY_ACTIVE_ARCH = YES;
				SDKROOT = iphoneos;
				SWIFT_OPTIMIZATION_LEVEL = "-Onone";
			};
			name = Debug;
		};
		433049291A7B752300FB2F4E /* Release */ = {
			isa = XCBuildConfiguration;
			buildSettings = {
				ALWAYS_SEARCH_USER_PATHS = NO;
				CLANG_CXX_LANGUAGE_STANDARD = "gnu++0x";
				CLANG_CXX_LIBRARY = "libc++";
				CLANG_ENABLE_MODULES = YES;
				CLANG_ENABLE_OBJC_ARC = YES;
				CLANG_WARN_BOOL_CONVERSION = YES;
				CLANG_WARN_CONSTANT_CONVERSION = YES;
				CLANG_WARN_DIRECT_OBJC_ISA_USAGE = YES_ERROR;
				CLANG_WARN_EMPTY_BODY = YES;
				CLANG_WARN_ENUM_CONVERSION = YES;
				CLANG_WARN_INT_CONVERSION = YES;
				CLANG_WARN_OBJC_ROOT_CLASS = YES_ERROR;
				CLANG_WARN_UNREACHABLE_CODE = YES;
				CLANG_WARN__DUPLICATE_METHOD_MATCH = YES;
				"CODE_SIGN_IDENTITY[sdk=iphoneos*]" = "iPhone Developer";
				COPY_PHASE_STRIP = YES;
				ENABLE_NS_ASSERTIONS = NO;
				ENABLE_STRICT_OBJC_MSGSEND = YES;
				GCC_C_LANGUAGE_STANDARD = gnu99;
				GCC_WARN_64_TO_32_BIT_CONVERSION = YES;
				GCC_WARN_ABOUT_RETURN_TYPE = YES_ERROR;
				GCC_WARN_UNDECLARED_SELECTOR = YES;
				GCC_WARN_UNINITIALIZED_AUTOS = YES_AGGRESSIVE;
				GCC_WARN_UNUSED_FUNCTION = YES;
				GCC_WARN_UNUSED_VARIABLE = YES;
				IPHONEOS_DEPLOYMENT_TARGET = 8.3;
				MTL_ENABLE_DEBUG_INFO = NO;
				SDKROOT = iphoneos;
				VALIDATE_PRODUCT = YES;
			};
			name = Release;
		};
		4330492B1A7B752300FB2F4E /* Debug */ = {
			isa = XCBuildConfiguration;
			buildSettings = {
				ASSETCATALOG_COMPILER_APPICON_NAME = AppIcon;
				INFOPLIST_FILE = MusicPlayer/Info.plist;
				LD_RUNPATH_SEARCH_PATHS = "$(inherited) @executable_path/Frameworks";
				PRODUCT_NAME = "$(TARGET_NAME)";
			};
			name = Debug;
		};
		4330492C1A7B752300FB2F4E /* Release */ = {
			isa = XCBuildConfiguration;
			buildSettings = {
				ASSETCATALOG_COMPILER_APPICON_NAME = AppIcon;
				INFOPLIST_FILE = MusicPlayer/Info.plist;
				LD_RUNPATH_SEARCH_PATHS = "$(inherited) @executable_path/Frameworks";
				PRODUCT_NAME = "$(TARGET_NAME)";
			};
			name = Release;
		};
		4330492E1A7B752300FB2F4E /* Debug */ = {
			isa = XCBuildConfiguration;
			buildSettings = {
				BUNDLE_LOADER = "$(TEST_HOST)";
				FRAMEWORK_SEARCH_PATHS = (
					"$(SDKROOT)/Developer/Library/Frameworks",
					"$(inherited)",
				);
				GCC_PREPROCESSOR_DEFINITIONS = (
					"DEBUG=1",
					"$(inherited)",
				);
				INFOPLIST_FILE = MusicPlayerTests/Info.plist;
				LD_RUNPATH_SEARCH_PATHS = "$(inherited) @executable_path/Frameworks @loader_path/Frameworks";
				PRODUCT_NAME = "$(TARGET_NAME)";
				TEST_HOST = "$(BUILT_PRODUCTS_DIR)/MusicPlayer.app/MusicPlayer";
			};
			name = Debug;
		};
		4330492F1A7B752300FB2F4E /* Release */ = {
			isa = XCBuildConfiguration;
			buildSettings = {
				BUNDLE_LOADER = "$(TEST_HOST)";
				FRAMEWORK_SEARCH_PATHS = (
					"$(SDKROOT)/Developer/Library/Frameworks",
					"$(inherited)",
				);
				INFOPLIST_FILE = MusicPlayerTests/Info.plist;
				LD_RUNPATH_SEARCH_PATHS = "$(inherited) @executable_path/Frameworks @loader_path/Frameworks";
				PRODUCT_NAME = "$(TARGET_NAME)";
				TEST_HOST = "$(BUILT_PRODUCTS_DIR)/MusicPlayer.app/MusicPlayer";
			};
			name = Release;
		};
/* End XCBuildConfiguration section */

/* Begin XCConfigurationList section */
		433049061A7B752300FB2F4E /* Build configuration list for PBXProject "MusicPlayer" */ = {
			isa = XCConfigurationList;
			buildConfigurations = (
				433049281A7B752300FB2F4E /* Debug */,
				433049291A7B752300FB2F4E /* Release */,
			);
			defaultConfigurationIsVisible = 0;
			defaultConfigurationName = Release;
		};
		4330492A1A7B752300FB2F4E /* Build configuration list for PBXNativeTarget "MusicPlayer" */ = {
			isa = XCConfigurationList;
			buildConfigurations = (
				4330492B1A7B752300FB2F4E /* Debug */,
				4330492C1A7B752300FB2F4E /* Release */,
			);
			defaultConfigurationIsVisible = 0;
			defaultConfigurationName = Release;
		};
		4330492D1A7B752300FB2F4E /* Build configuration list for PBXNativeTarget "MusicPlayerTests" */ = {
			isa = XCConfigurationList;
			buildConfigurations = (
				4330492E1A7B752300FB2F4E /* Debug */,
				4330492F1A7B752300FB2F4E /* Release */,
			);
			defaultConfigurationIsVisible = 0;
			defaultConfigurationName = Release;
		};
/* End XCConfigurationList section */
	};
	rootObject = 433049031A7B752300FB2F4E /* Project object */;
}
